{
    "_readme": [
        "This file locks the dependencies of your project to a known state",
        "Read more about it at https://getcomposer.org/doc/01-basic-usage.md#installing-dependencies",
        "This file is @generated automatically"
    ],
    "content-hash": "2da7efc93b6571c399b26e9e0eeb1e96",
    "packages": [
        {
            "name": "pirsch-analytics/sdk",
            "version": "v1.10.2",
            "source": {
                "type": "git",
                "url": "https://github.com/pirsch-analytics/pirsch-php-sdk.git",
                "reference": "188f0983298819d251b00471fc31d28efe332995"
            },
            "dist": {
                "type": "zip",
                "url": "https://api.github.com/repos/pirsch-analytics/pirsch-php-sdk/zipball/188f0983298819d251b00471fc31d28efe332995",
                "reference": "188f0983298819d251b00471fc31d28efe332995",
                "shasum": ""
            },
            "require": {
                "php": ">=7.4"
            },
            "type": "library",
            "autoload": {
                "psr-4": {
                    "Pirsch\\": "src/"
                }
            },
            "notification-url": "https://packagist.org/downloads/",
            "license": [
                "MIT"
            ],
            "authors": [
                {
                    "name": "Marvin Blum",
                    "email": "marvin.blum@emvi.com",
                    "role": "Developer"
                }
            ],
            "description": "PHP Client SDK for Pirsch.",
            "homepage": "https://pirsch.io/",
            "keywords": [
                "analytics",
                "api",
                "client",
                "pirsch",
                "sdk"
            ],
            "support": {
                "issues": "https://github.com/pirsch-analytics/pirsch-php-sdk/issues",
                "source": "https://github.com/pirsch-analytics/pirsch-php-sdk/tree/v1.10.2"
            },
            "time": "2023-10-01T13:13:39+00:00"
        }
    ],
    "packages-dev": [],
    "aliases": [],
    "minimum-stability": "stable",
    "stability-flags": [],
    "prefer-stable": false,
    "prefer-lowest": false,
    "platform": [],
    "platform-dev": [],
    "plugin-api-version": "2.6.0"
}
